// !$*UTF8*$!
{
	archiveVersion = 1;
	classes = {
	};
	objectVersion = 48;
	objects = {

/* Begin PBXBuildFile section */
		2ACEFEB020A1DA0A005AC6B0 /* AppDelegate.swift in Sources */ = {isa = PBXBuildFile; fileRef = 2ACEFEAF20A1DA0A005AC6B0 /* AppDelegate.swift */; };
		2ACEFEB220A1DA0A005AC6B0 /* ViewController.swift in Sources */ = {isa = PBXBuildFile; fileRef = 2ACEFEB120A1DA0A005AC6B0 /* ViewController.swift */; };
		2ACEFEB520A1DA0A005AC6B0 /* Main.storyboard in Resources */ = {isa = PBXBuildFile; fileRef = 2ACEFEB320A1DA0A005AC6B0 /* Main.storyboard */; };
		2ACEFEB720A1DA0A005AC6B0 /* Assets.xcassets in Resources */ = {isa = PBXBuildFile; fileRef = 2ACEFEB620A1DA0A005AC6B0 /* Assets.xcassets */; };
		2ACEFEBA20A1DA0A005AC6B0 /* LaunchScreen.storyboard in Resources */ = {isa = PBXBuildFile; fileRef = 2ACEFEB820A1DA0A005AC6B0 /* LaunchScreen.storyboard */; };
/* End PBXBuildFile section */

/* Begin PBXFileReference section */
		2ACEFEAC20A1DA0A005AC6B0 /* Swift4Keyboard.app */ = {isa = PBXFileReference; explicitFileType = wrapper.application; includeInIndex = 0; path = Swift4Keyboard.app; sourceTree = BUILT_PRODUCTS_DIR; };
		2ACEFEAF20A1DA0A005AC6B0 /* AppDelegate.swift */ = {isa = PBXFileReference; lastKnownFileType = sourcecode.swift; path = AppDelegate.swift; sourceTree = "<group>"; };
		2ACEFEB120A1DA0A005AC6B0 /* ViewController.swift */ = {isa = PBXFileReference; lastKnownFileType = sourcecode.swift; path = ViewController.swift; sourceTree = "<group>"; };
		2ACEFEB420A1DA0A005AC6B0 /* Base */ = {isa = PBXFileReference; lastKnownFileType = file.storyboard; name = Base; path = Base.lproj/Main.storyboard; sourceTree = "<group>"; };
		2ACEFEB620A1DA0A005AC6B0 /* Assets.xcassets */ = {isa = PBXFileReference; lastKnownFileType = folder.assetcatalog; path = Assets.xcassets; sourceTree = "<group>"; };
		2ACEFEB920A1DA0A005AC6B0 /* Base */ = {isa = PBXFileReference; lastKnownFileType = file.storyboard; name = Base; path = Base.lproj/LaunchScreen.storyboard; sourceTree = "<group>"; };
		2ACEFEBB20A1DA0A005AC6B0 /* Info.plist */ = {isa = PBXFileReference; lastKnownFileType = text.plist.xml; path = Info.plist; sourceTree = "<group>"; };
/* End PBXFileReference section */

/* Begin PBXFrameworksBuildPhase section */
		2ACEFEA920A1DA0A005AC6B0 /* Frameworks */ = {
			isa = PBXFrameworksBuildPhase;
			buildActionMask = 2147483647;
			files = (
			);
			runOnlyForDeploymentPostprocessing = 0;
		};
/* End PBXFrameworksBuildPhase section */

/* Begin PBXGroup section */
		2ACEFEA320A1DA0A005AC6B0 = {
			isa = PBXGroup;
			children = (
				2ACEFEAE20A1DA0A005AC6B0 /* Swift4Keyboard */,
				2ACEFEAD20A1DA0A005AC6B0 /* Products */,
			);
			sourceTree = "<group>";
		};
		2ACEFEAD20A1DA0A005AC6B0 /* Products */ = {
			isa = PBXGroup;
			children = (
				2ACEFEAC20A1DA0A005AC6B0 /* Swift4Keyboard.app */,
			);
			name = Products;
			sourceTree = "<group>";
		};
		2ACEFEAE20A1DA0A005AC6B0 /* Swift4Keyboard */ = {
			isa = PBXGroup;
			children = (
				2ACEFEAF20A1DA0A005AC6B0 /* AppDelegate.swift */,
				2ACEFEB120A1DA0A005AC6B0 /* ViewController.swift */,
				2ACEFEB320A1DA0A005AC6B0 /* Main.storyboard */,
				2ACEFEB620A1DA0A005AC6B0 /* Assets.xcassets */,
				2ACEFEB820A1DA0A005AC6B0 /* LaunchScreen.storyboard */,
				2ACEFEBB20A1DA0A005AC6B0 /* Info.plist */,
			);
			path = Swift4Keyboard;
			sourceTree = "<group>";
		};
/* End PBXGroup section */

/* Begin PBXNativeTarget section */
		2ACEFEAB20A1DA0A005AC6B0 /* Swift4Keyboard */ = {
			isa = PBXNativeTarget;
			buildConfigurationList = 2ACEFEBE20A1DA0A005AC6B0 /* Build configuration list for PBXNativeTarget "Swift4Keyboard" */;
			buildPhases = (
				2ACEFEA820A1DA0A005AC6B0 /* Sources */,
				2ACEFEA920A1DA0A005AC6B0 /* Frameworks */,
				2ACEFEAA20A1DA0A005AC6B0 /* Resources */,
			);
			buildRules = (
			);
			dependencies = (
			);
			name = Swift4Keyboard;
			productName = Swift4Keyboard;
			productReference = 2ACEFEAC20A1DA0A005AC6B0 /* Swift4Keyboard.app */;
			productType = "com.apple.product-type.application";
		};
/* End PBXNativeTarget section */

/* Begin PBXProject section */
		2ACEFEA420A1DA0A005AC6B0 /* Project object */ = {
			isa = PBXProject;
			attributes = {
				LastSwiftUpdateCheck = 0920;
				LastUpgradeCheck = 0920;
				ORGANIZATIONNAME = "米山諒";
				TargetAttributes = {
					2ACEFEAB20A1DA0A005AC6B0 = {
						CreatedOnToolsVersion = 9.2;
						ProvisioningStyle = Automatic;
					};
				};
			};
			buildConfigurationList = 2ACEFEA720A1DA0A005AC6B0 /* Build configuration list for PBXProject "Swift4Keyboard" */;
			compatibilityVersion = "Xcode 8.0";
			developmentRegion = en;
			hasScannedForEncodings = 0;
			knownRegions = (
				en,
				Base,
			);
			mainGroup = 2ACEFEA320A1DA0A005AC6B0;
			productRefGroup = 2ACEFEAD20A1DA0A005AC6B0 /* Products */;
			projectDirPath = "";
			projectRoot = "";
			targets = (
				2ACEFEAB20A1DA0A005AC6B0 /* Swift4Keyboard */,
			);
		};
/* End PBXProject section */

/* Begin PBXResourcesBuildPhase section */
		2ACEFEAA20A1DA0A005AC6B0 /* Resources */ = {
			isa = PBXResourcesBuildPhase;
			buildActionMask = 2147483647;
			files = (
				2ACEFEBA20A1DA0A005AC6B0 /* LaunchScreen.storyboard in Resources */,
				2ACEFEB720A1DA0A005AC6B0 /* Assets.xcassets in Resources */,
				2ACEFEB520A1DA0A005AC6B0 /* Main.storyboard in Resources */,
			);
			runOnlyForDeploymentPostprocessing = 0;
		};
/* End PBXResourcesBuildPhase section */

/* Begin PBXSourcesBuildPhase section */
		2ACEFEA820A1DA0A005AC6B0 /* Sources */ = {
			isa = PBXSourcesBuildPhase;
			buildActionMask = 2147483647;
			files = (
				2ACEFEB220A1DA0A005AC6B0 /* ViewController.swift in Sources */,
				2ACEFEB020A1DA0A005AC6B0 /* AppDelegate.swift in Sources */,
			);
			runOnlyForDeploymentPostprocessing = 0;
		};
/* End PBXSourcesBuildPhase section */

/* Begin PBXVariantGroup section */
		2ACEFEB320A1DA0A005AC6B0 /* Main.storyboard */ = {
			isa = PBXVariantGroup;
			children = (
				2ACEFEB420A1DA0A005AC6B0 /* Base */,
			);
			name = Main.storyboard;
			sourceTree = "<group>";
		};
		2ACEFEB820A1DA0A005AC6B0 /* LaunchScreen.storyboard */ = {
			isa = PBXVariantGroup;
			children = (
				2ACEFEB920A1DA0A005AC6B0 /* Base */,
			);
			name = LaunchScreen.storyboard;
			sourceTree = "<group>";
		};
/* End PBXVariantGroup section */

/* Begin XCBuildConfiguration section */
		2ACEFEBC20A1DA0A005AC6B0 /* Debug */ = {
			isa = XCBuildConfiguration;
			buildSettings = {
				ALWAYS_SEARCH_USER_PATHS = NO;
				CLANG_ANALYZER_NONNULL = YES;
				CLANG_ANALYZER_NUMBER_OBJECT_CONVERSION = YES_AGGRESSIVE;
				CLANG_CXX_LANGUAGE_STANDARD = "gnu++14";
				CLANG_CXX_LIBRARY = "libc++";
				CLANG_ENABLE_MODULES = YES;
				CLANG_ENABLE_OBJC_ARC = YES;
				CLANG_WARN_BLOCK_CAPTURE_AUTORELEASING = YES;
				CLANG_WARN_BOOL_CONVERSION = YES;
				CLANG_WARN_COMMA = YES;
				CLANG_WARN_CONSTANT_CONVERSION = YES;
				CLANG_WARN_DIRECT_OBJC_ISA_USAGE = YES_ERROR;
				CLANG_WARN_DOCUMENTATION_COMMENTS = YES;
				CLANG_WARN_EMPTY_BODY = YES;
				CLANG_WARN_ENUM_CONVERSION = YES;
				CLANG_WARN_INFINITE_RECURSION = YES;
				CLANG_WARN_INT_CONVERSION = YES;
				CLANG_WARN_NON_LITERAL_NULL_CONVERSION = YES;
				CLANG_WARN_OBJC_LITERAL_CONVERSION = YES;
				CLANG_WARN_OBJC_ROOT_CLASS = YES_ERROR;
				CLANG_WARN_RANGE_LOOP_ANALYSIS = YES;
				CLANG_WARN_STRICT_PROTOTYPES = YES;
				CLANG_WARN_SUSPICIOUS_MOVE = YES;
				CLANG_WARN_UNGUARDED_AVAILABILITY = YES_AGGRESSIVE;
				CLANG_WARN_UNREACHABLE_CODE = YES;
				CLANG_WARN__DUPLICATE_METHOD_MATCH = YES;
				CODE_SIGN_IDENTITY = "iPhone Developer";
				COPY_PHASE_STRIP = NO;
				DEBUG_INFORMATION_FORMAT = dwarf;
				ENABLE_STRICT_OBJC_MSGSEND = YES;
				ENABLE_TESTABILITY = YES;
				GCC_C_LANGUAGE_STANDARD = gnu11;
				GCC_DYNAMIC_NO_PIC = NO;
				GCC_NO_COMMON_BLOCKS = YES;
				GCC_OPTIMIZATION_LEVEL = 0;
				GCC_PREPROCESSOR_DEFINITIONS = (
					"DEBUG=1",
					"$(inherited)",
				);
				GCC_WARN_64_TO_32_BIT_CONVERSION = YES;
				GCC_WARN_ABOUT_RETURN_TYPE = YES_ERROR;
				GCC_WARN_UNDECLARED_SELECTOR = YES;
				GCC_WARN_UNINITIALIZED_AUTOS = YES_AGGRESSIVE;
				GCC_WARN_UNUSED_FUNCTION = YES;
				GCC_WARN_UNUSED_VARIABLE = YES;
				IPHONEOS_DEPLOYMENT_TARGET = 11.2;
				MTL_ENABLE_DEBUG_INFO = YES;
				ONLY_ACTIVE_ARCH = YES;
				SDKROOT = iphoneos;
				SWIFT_ACTIVE_COMPILATION_CONDITIONS = DEBUG;
				SWIFT_OPTIMIZATION_LEVEL = "-Onone";
			};
			name = Debug;
		};
		2ACEFEBD20A1DA0A005AC6B0 /* Release */ = {
			isa = XCBuildConfiguration;
			buildSettings = {
				ALWAYS_SEARCH_USER_PATHS = NO;
				CLANG_ANALYZER_NONNULL = YES;
				CLANG_ANALYZER_NUMBER_OBJECT_CONVERSION = YES_AGGRESSIVE;
				CLANG_CXX_LANGUAGE_STANDARD = "gnu++14";
				CLANG_CXX_LIBRARY = "libc++";
				CLANG_ENABLE_MODULES = YES;
				CLANG_ENABLE_OBJC_ARC = YES;
				CLANG_WARN_BLOCK_CAPTURE_AUTORELEASING = YES;
				CLANG_WARN_BOOL_CONVERSION = YES;
				CLANG_WARN_COMMA = YES;
				CLANG_WARN_CONSTANT_CONVERSION = YES;
				CLANG_WARN_DIRECT_OBJC_ISA_USAGE = YES_ERROR;
				CLANG_WARN_DOCUMENTATION_COMMENTS = YES;
				CLANG_WARN_EMPTY_BODY = YES;
				CLANG_WARN_ENUM_CONVERSION = YES;
				CLANG_WARN_INFINITE_RECURSION = YES;
				CLANG_WARN_INT_CONVERSION = YES;
				CLANG_WARN_NON_LITERAL_NULL_CONVERSION = YES;
				CLANG_WARN_OBJC_LITERAL_CONVERSION = YES;
				CLANG_WARN_OBJC_ROOT_CLASS = YES_ERROR;
				CLANG_WARN_RANGE_LOOP_ANALYSIS = YES;
				CLANG_WARN_STRICT_PROTOTYPES = YES;
				CLANG_WARN_SUSPICIOUS_MOVE = YES;
				CLANG_WARN_UNGUARDED_AVAILABILITY = YES_AGGRESSIVE;
				CLANG_WARN_UNREACHABLE_CODE = YES;
				CLANG_WARN__DUPLICATE_METHOD_MATCH = YES;
				CODE_SIGN_IDENTITY = "iPhone Developer";
				COPY_PHASE_STRIP = NO;
				DEBUG_INFORMATION_FORMAT = "dwarf-with-dsym";
				ENABLE_NS_ASSERTIONS = NO;
				ENABLE_STRICT_OBJC_MSGSEND = YES;
				GCC_C_LANGUAGE_STANDARD = gnu11;
				GCC_NO_COMMON_BLOCKS = YES;
				GCC_WARN_64_TO_32_BIT_CONVERSION = YES;
				GCC_WARN_ABOUT_RETURN_TYPE = YES_ERROR;
				GCC_WARN_UNDECLARED_SELECTOR = YES;
				GCC_WARN_UNINITIALIZED_AUTOS = YES_AGGRESSIVE;
				GCC_WARN_UNUSED_FUNCTION = YES;
				GCC_WARN_UNUSED_VARIABLE = YES;
				IPHONEOS_DEPLOYMENT_TARGET = 11.2;
				MTL_ENABLE_DEBUG_INFO = NO;
				SDKROOT = iphoneos;
				SWIFT_OPTIMIZATION_LEVEL = "-Owholemodule";
				VALIDATE_PRODUCT = YES;
			};
			name = Release;
		};
		2ACEFEBF20A1DA0A005AC6B0 /* Debug */ = {
			isa = XCBuildConfiguration;
			buildSettings = {
				ASSETCATALOG_COMPILER_APPICON_NAME = AppIcon;
				CODE_SIGN_STYLE = Automatic;
				INFOPLIST_FILE = Swift4Keyboard/Info.plist;
				LD_RUNPATH_SEARCH_PATHS = "$(inherited) @executable_path/Frameworks";
				PRODUCT_BUNDLE_IDENTIFIER = com.ryo.Swift4Keyboard;
				PRODUCT_NAME = "$(TARGET_NAME)";
				SWIFT_VERSION = 4.0;
				TARGETED_DEVICE_FAMILY = 1;
			};
			name = Debug;
		};
		2ACEFEC020A1DA0A005AC6B0 /* Release */ = {
			isa = XCBuildConfiguration;
			buildSettings = {
				ASSETCATALOG_COMPILER_APPICON_NAME = AppIcon;
				CODE_SIGN_STYLE = Automatic;
				INFOPLIST_FILE = Swift4Keyboard/Info.plist;
				LD_RUNPATH_SEARCH_PATHS = "$(inherited) @executable_path/Frameworks";
				PRODUCT_BUNDLE_IDENTIFIER = com.ryo.Swift4Keyboard;
				PRODUCT_NAME = "$(TARGET_NAME)";
				SWIFT_VERSION = 4.0;
				TARGETED_DEVICE_FAMILY = 1;
			};
			name = Release;
		};
/* End XCBuildConfiguration section */

/* Begin XCConfigurationList section */
		2ACEFEA720A1DA0A005AC6B0 /* Build configuration list for PBXProject "Swift4Keyboard" */ = {
			isa = XCConfigurationList;
			buildConfigurations = (
				2ACEFEBC20A1DA0A005AC6B0 /* Debug */,
				2ACEFEBD20A1DA0A005AC6B0 /* Release */,
			);
			defaultConfigurationIsVisible = 0;
			defaultConfigurationName = Release;
		};
		2ACEFEBE20A1DA0A005AC6B0 /* Build configuration list for PBXNativeTarget "Swift4Keyboard" */ = {
			isa = XCConfigurationList;
			buildConfigurations = (
				2ACEFEBF20A1DA0A005AC6B0 /* Debug */,
				2ACEFEC020A1DA0A005AC6B0 /* Release */,
			);
			defaultConfigurationIsVisible = 0;
			defaultConfigurationName = Release;
		};
/* End XCConfigurationList section */
	};
	rootObject = 2ACEFEA420A1DA0A005AC6B0 /* Project object */;
}
